<?xml version="1.0" encoding="UTF-8" standalone="yes" ?>
<CodeBlocks_project_file>
	<FileVersion major="1" minor="6" />
	<Project>
		<Option title="CROP_PRODUCTION_PROJECT" />
		<Option pch_mode="2" />
		<Option compiler="gcc" />
		<Build>
			<Target title="Debug">
				<Option output="bin/Debug/CROP_PRODUCTION_PROJECT" prefix_auto="1" extension_auto="1" />
				<Option object_output="obj/Debug/" />
				<Option type="1" />
				<Option compiler="gcc" />
				<Compiler>
					<Add option="-g" />
				</Compiler>
			</Target>
			<Target title="Release">
				<Option output="bin/Release/CROP_PRODUCTION_PROJECT" prefix_auto="1" extension_auto="1" />
				<Option object_output="obj/Release/" />
				<Option type="1" />
				<Option compiler="gcc" />
				<Compiler>
					<Add option="-O2" />
				</Compiler>
				<Linker>
					<Add option="-s" />
				</Linker>
			</Target>
		</Build>
		<Compiler>
			<Add option="-Wall" />
		</Compiler>
		<Unit filename="analysis.cpp" />
		<Unit filename="analysis.h" />
		<Unit filename="analysis_test.cpp" />
		<Unit filename="crop_production.cpp" />
		<Unit filename="crop_production.h" />
		<Unit filename="crop_production_test.cpp" />
		<Unit filename="crops.cpp" />
		<Unit filename="crops.h" />
		<Extensions />
	</Project>
</CodeBlocks_project_file>
